
Microsoft Visual Studio Solution File, Format Version 12.00
# Visual Studio Version 16
VisualStudioVersion = 16.0.30114.105
MinimumVisualStudioVersion = 10.0.40219.1
Project("{9A19103F-16F7-4668-BE54-9A1E7A4F7556}") = "UserService", "UserService\UserService.csproj", "{FE5243C8-4BAA-4133-B709-C752697419C7}"
EndProject
Project("{9A19103F-16F7-4668-BE54-9A1E7A4F7556}") = "OcelotGateway", "OcelotGateway\OcelotGateway.csproj", "{214827E7-F2BB-4E49-B370-ADACF6423B9B}"
EndProject
Project("{FAE04EC0-301F-11D3-BF4B-00C04F79EFBC}") = "ProductService", "ProductService\ProductService.csproj", "{DF366162-B26A-478F-93F1-F3CC98E1F146}"
EndProject
Global
	GlobalSection(SolutionConfigurationPlatforms) = preSolution
		Debug|Any CPU = Debug|Any CPU
		Release|Any CPU = Release|Any CPU
	EndGlobalSection
	GlobalSection(ProjectConfigurationPlatforms) = postSolution
		{FE5243C8-4BAA-4133-B709-C752697419C7}.Debug|Any CPU.ActiveCfg = Debug|Any CPU
		{FE5243C8-4BAA-4133-B709-C752697419C7}.Debug|Any CPU.Build.0 = Debug|Any CPU
		{FE5243C8-4BAA-4133-B709-C752697419C7}.Release|Any CPU.ActiveCfg = Release|Any CPU
		{FE5243C8-4BAA-4133-B709-C752697419C7}.Release|Any CPU.Build.0 = Release|Any CPU
		{214827E7-F2BB-4E49-B370-ADACF6423B9B}.Debug|Any CPU.ActiveCfg = Debug|Any CPU
		{214827E7-F2BB-4E49-B370-ADACF6423B9B}.Debug|Any CPU.Build.0 = Debug|Any CPU
		{214827E7-F2BB-4E49-B370-ADACF6423B9B}.Release|Any CPU.ActiveCfg = Release|Any CPU
		{214827E7-F2BB-4E49-B370-ADACF6423B9B}.Release|Any CPU.Build.0 = Release|Any CPU
		{DF366162-B26A-478F-93F1-F3CC98E1F146}.Debug|Any CPU.ActiveCfg = Debug|Any CPU
		{DF366162-B26A-478F-93F1-F3CC98E1F146}.Debug|Any CPU.Build.0 = Debug|Any CPU
		{DF366162-B26A-478F-93F1-F3CC98E1F146}.Release|Any CPU.ActiveCfg = Release|Any CPU
		{DF366162-B26A-478F-93F1-F3CC98E1F146}.Release|Any CPU.Build.0 = Release|Any CPU
	EndGlobalSection
	GlobalSection(SolutionProperties) = preSolution
		HideSolutionNode = FALSE
	EndGlobalSection
	GlobalSection(ExtensibilityGlobals) = postSolution
		SolutionGuid = {F3A204FF-2C42-4573-BCAC-C1D4B03705AE}
	EndGlobalSection
EndGlobal
